<?xml version="1.0" encoding="utf-8"?>
<Project ToolsVersion="4.0" xmlns="http://schemas.microsoft.com/developer/msbuild/2003">
  <ItemGroup>
    <Filter Include="소스 파일">
      <UniqueIdentifier>{4FC737F1-C7A5-4376-A066-2A32D752A2FF}</UniqueIdentifier>
      <Extensions>cpp;c;cc;cxx;c++;cppm;ixx;def;odl;idl;hpj;bat;asm;asmx</Extensions>
    </Filter>
    <Filter Include="헤더 파일">
      <UniqueIdentifier>{93995380-89BD-4b04-88EB-625FBE52EBFB}</UniqueIdentifier>
      <Extensions>h;hh;hpp;hxx;h++;hm;inl;inc;ipp;xsd</Extensions>
    </Filter>
    <Filter Include="리소스 파일">
      <UniqueIdentifier>{67DA6AB6-F800-4c08-8B7A-83BB121AAD01}</UniqueIdentifier>
      <Extensions>rc;ico;cur;bmp;dlg;rc2;rct;bin;rgs;gif;jpg;jpeg;jpe;resx;tiff;tif;png;wav;mfcribbon-ms</Extensions>
    </Filter>
    <Filter Include="소스 파일\00. Core">
      <UniqueIdentifier>{87aaf218-fe6a-4da8-bfab-aa3c535ca3c8}</UniqueIdentifier>
    </Filter>
    <Filter Include="소스 파일\01. RockmanEXE">
      <UniqueIdentifier>{5d2f778b-4c3b-4c4b-ac75-81137ca4ba00}</UniqueIdentifier>
    </Filter>
    <Filter Include="소스 파일\00. Core\01. Manager">
      <UniqueIdentifier>{cb1e2f74-031c-458d-bbb7-be6f175ffa9e}</UniqueIdentifier>
    </Filter>
    <Filter Include="소스 파일\00. Core\02. Obj">
      <UniqueIdentifier>{19738be6-f703-4889-9542-0b1a51a4f6fe}</UniqueIdentifier>
    </Filter>
    <Filter Include="소스 파일\00. Core\03. Design">
      <UniqueIdentifier>{f110d371-2bb3-4fde-b229-41d8b788d7e7}</UniqueIdentifier>
    </Filter>
    <Filter Include="소스 파일\00. Core\04. Math">
      <UniqueIdentifier>{f08d091f-fe75-4bfe-af2f-aab2e5f277fa}</UniqueIdentifier>
    </Filter>
    <Filter Include="소스 파일\00. Core\01. Manager\01. ObjMgr">
      <UniqueIdentifier>{6a218071-1468-411f-8d46-0d117a24f7ad}</UniqueIdentifier>
    </Filter>
    <Filter Include="소스 파일\01. RockmanEXE\01. Manager">
      <UniqueIdentifier>{4bc342e9-1a0e-478e-b372-c03733df3dc8}</UniqueIdentifier>
    </Filter>
    <Filter Include="소스 파일\01. RockmanEXE\02. Obj">
      <UniqueIdentifier>{a1edf746-bab4-41c9-a806-eabffcd1c502}</UniqueIdentifier>
    </Filter>
    <Filter Include="소스 파일\01. RockmanEXE\02. Obj\01. Character">
      <UniqueIdentifier>{a446fb09-d57d-4016-8c7e-a3928540a4e1}</UniqueIdentifier>
    </Filter>
    <Filter Include="소스 파일\01. RockmanEXE\02. Obj\01. Character\01. Overworld">
      <UniqueIdentifier>{bc4717bb-99cb-4a10-9f81-cc752d8d4006}</UniqueIdentifier>
    </Filter>
    <Filter Include="소스 파일\01. RockmanEXE\02. Obj\01. Character\02. NetBattle">
      <UniqueIdentifier>{c1076485-e698-4666-9351-d2a9378b3c38}</UniqueIdentifier>
    </Filter>
    <Filter Include="소스 파일\02. RockmanX">
      <UniqueIdentifier>{bbf475a0-b67b-455e-8ece-3843f19de693}</UniqueIdentifier>
    </Filter>
    <Filter Include="소스 파일\02. RockmanX\01. Manager">
      <UniqueIdentifier>{0ade0862-a2a7-4837-b143-32e84d7082b5}</UniqueIdentifier>
    </Filter>
    <Filter Include="소스 파일\02. RockmanX\02. Obj">
      <UniqueIdentifier>{7b75aa00-4985-4382-901b-6bffd22e9eac}</UniqueIdentifier>
    </Filter>
    <Filter Include="소스 파일\02. RockmanX\02. Obj\01. Character">
      <UniqueIdentifier>{434c78b4-1b76-4e00-9ebe-91edfbecb36c}</UniqueIdentifier>
    </Filter>
    <Filter Include="소스 파일\00. Core\01. Manager\02. KeyMgr">
      <UniqueIdentifier>{520b58f1-c6f2-496a-a5c0-9b3becb37908}</UniqueIdentifier>
    </Filter>
    <Filter Include="소스 파일\00. Core\01. Manager\03. CollisionMgr">
      <UniqueIdentifier>{1ae176dc-3997-4baf-9640-07cc1aeb12d9}</UniqueIdentifier>
    </Filter>
    <Filter Include="소스 파일\00. Core\01. Manager\04. ScrollMgr">
      <UniqueIdentifier>{d417332a-b9a5-4ed7-ac45-2a3969abb5ff}</UniqueIdentifier>
    </Filter>
    <Filter Include="소스 파일\00. Core\01. Manager\05. SceneMgr">
      <UniqueIdentifier>{b5b745b5-cc30-44c6-9a15-0b93350ccde3}</UniqueIdentifier>
    </Filter>
    <Filter Include="소스 파일\00. Core\01. Manager\06. BmpMgr">
      <UniqueIdentifier>{3ddb06dd-e405-47e7-93a3-2241b6b24e21}</UniqueIdentifier>
    </Filter>
    <Filter Include="소스 파일\00. Core\01. Manager\06. BmpMgr\BitMap">
      <UniqueIdentifier>{c8892ff2-6615-47fb-bdaa-cc917cee0ac0}</UniqueIdentifier>
    </Filter>
    <Filter Include="소스 파일\00. Core\00. MainGame">
      <UniqueIdentifier>{2edb8684-ceca-44e2-8a3f-31e91ddaefbb}</UniqueIdentifier>
    </Filter>
    <Filter Include="소스 파일\00. Core\02. Obj\01. Character">
      <UniqueIdentifier>{a1b1fbf7-72de-4e2b-8e7e-44739f59a3f8}</UniqueIdentifier>
    </Filter>
    <Filter Include="소스 파일\00. Core\02. Obj\02. Mouse">
      <UniqueIdentifier>{78bbdc33-b175-4a1e-addc-dcba1c9e170a}</UniqueIdentifier>
    </Filter>
    <Filter Include="소스 파일\00. Core\03. Design\AbstractFactory">
      <UniqueIdentifier>{ecd84aa5-d5d2-4e01-b54b-0ab0c18b6457}</UniqueIdentifier>
    </Filter>
    <Filter Include="소스 파일\00. Core\04. Math\01. Vector">
      <UniqueIdentifier>{8c834193-3c2b-4ff5-b432-9da818c0a0fd}</UniqueIdentifier>
    </Filter>
    <Filter Include="소스 파일\00. Core\04. Math\00. CustomMath">
      <UniqueIdentifier>{48e1d39f-11fc-49f2-8678-df504a62b156}</UniqueIdentifier>
    </Filter>
    <Filter Include="소스 파일\01. RockmanEXE\03. Scene">
      <UniqueIdentifier>{6c60ff8d-991a-43a7-b3d2-264f3c324c05}</UniqueIdentifier>
    </Filter>
    <Filter Include="소스 파일\01. RockmanEXE\01. Manager\01. BattleMng">
      <UniqueIdentifier>{ced5dbba-8524-4546-8414-474f35a90004}</UniqueIdentifier>
    </Filter>
    <Filter Include="소스 파일\01. RockmanEXE\03. Scene\01. NetBattle">
      <UniqueIdentifier>{a45bb7dd-3272-45dc-bac1-d6bb70a9ac61}</UniqueIdentifier>
    </Filter>
    <Filter Include="소스 파일\01. RockmanEXE\03. Scene\01. NetBattle\Factory">
      <UniqueIdentifier>{e8640024-06ca-418a-8532-e95f5c7dfd31}</UniqueIdentifier>
    </Filter>
    <Filter Include="소스 파일\00. Core\01. Manager\05. SceneMgr\Scene">
      <UniqueIdentifier>{ec0ce3a8-3f68-4f6b-87c0-bd30c57058e9}</UniqueIdentifier>
    </Filter>
    <Filter Include="소스 파일\00. Core\05. Interface">
      <UniqueIdentifier>{a4be485b-e4af-4d11-9c07-ff0af90aeb14}</UniqueIdentifier>
    </Filter>
    <Filter Include="소스 파일\01. RockmanEXE\02. Obj\01. Character\02. NetBattle\01. Navi">
      <UniqueIdentifier>{c977579b-623a-43f3-8aff-96613ced43a0}</UniqueIdentifier>
    </Filter>
    <Filter Include="소스 파일\01. RockmanEXE\02. Obj\01. Character\02. NetBattle\02. Virus">
      <UniqueIdentifier>{865f4186-b65e-467e-8101-2dabc423d47a}</UniqueIdentifier>
    </Filter>
    <Filter Include="소스 파일\00. Core\05. Interface\01. TeamAgent">
      <UniqueIdentifier>{0c82621f-71a0-4cff-816d-154dd4d3cc5a}</UniqueIdentifier>
    </Filter>
    <Filter Include="소스 파일\01. RockmanEXE\04. Data">
      <UniqueIdentifier>{b03e76ac-ec37-435f-b255-2591ece78ef3}</UniqueIdentifier>
    </Filter>
    <Filter Include="소스 파일\01. RockmanEXE\04. Data\Chip">
      <UniqueIdentifier>{504e1a1f-60eb-4af6-aefc-cd0fb94d9f35}</UniqueIdentifier>
    </Filter>
    <Filter Include="소스 파일\01. RockmanEXE\01. Manager\02. DamageMng">
      <UniqueIdentifier>{8def6e39-9ef4-459b-a042-44f643d95e3f}</UniqueIdentifier>
    </Filter>
    <Filter Include="소스 파일\01. RockmanEXE\01. Manager\03. DataTable">
      <UniqueIdentifier>{98562943-257f-44bb-b39a-4d27c49d9226}</UniqueIdentifier>
    </Filter>
    <Filter Include="소스 파일\01. RockmanEXE\01. Manager\03. DataTable\01. ChipDataTable">
      <UniqueIdentifier>{64d3e93b-6dc2-4b77-b6ab-cd6b38c9a506}</UniqueIdentifier>
    </Filter>
    <Filter Include="소스 파일\01. RockmanEXE\00. MainGame">
      <UniqueIdentifier>{26301827-1eb5-4fc2-92ba-0066d5e61099}</UniqueIdentifier>
    </Filter>
    <Filter Include="소스 파일\00. Core\00. MainGame\Process">
      <UniqueIdentifier>{2ff29a9b-98f5-40e4-a28d-fc775c2bf751}</UniqueIdentifier>
    </Filter>
    <Filter Include="소스 파일\01. RockmanEXE\02. Obj\01. Character\02. NetBattle\01. Navi\00. Rockman">
      <UniqueIdentifier>{471951ba-d741-4661-9d34-d68034e331fa}</UniqueIdentifier>
    </Filter>
    <Filter Include="소스 파일\01. RockmanEXE\02. Obj\01. Character\00. Design">
      <UniqueIdentifier>{c758b4cf-b7a4-422d-8e79-190b67afe3d3}</UniqueIdentifier>
    </Filter>
    <Filter Include="소스 파일\01. RockmanEXE\01. Manager\01. BattleMng\Panel">
      <UniqueIdentifier>{6e53b24b-54cf-4349-94a1-0a599835d885}</UniqueIdentifier>
    </Filter>
    <Filter Include="소스 파일\00. Core\01. Manager\07. SndMgr">
      <UniqueIdentifier>{42c047a4-c18a-4ea7-a656-33700316ad01}</UniqueIdentifier>
    </Filter>
    <Filter Include="소스 파일\00. Core\01. Manager\06. BmpMgr\AnimTable">
      <UniqueIdentifier>{6387d53c-d512-4fd4-bfc4-f9290d8f869f}</UniqueIdentifier>
    </Filter>
    <Filter Include="소스 파일\01. RockmanEXE\02. Obj\02. Spell">
      <UniqueIdentifier>{ef3c9153-e39b-43b2-940a-0f8d9d3e10be}</UniqueIdentifier>
    </Filter>
    <Filter Include="소스 파일\00. Core\04. Math\02. Box">
      <UniqueIdentifier>{f1ad6c80-951b-4cec-ab5f-59947d257767}</UniqueIdentifier>
    </Filter>
    <Filter Include="소스 파일\00. Core\04. Math\03. Line">
      <UniqueIdentifier>{4b8acee1-edb7-472e-9c87-1bde803da680}</UniqueIdentifier>
    </Filter>
    <Filter Include="소스 파일\00. Core\04. Math\04. Sphere">
      <UniqueIdentifier>{c2bf6d00-4b95-466d-b53b-12dc6ad872e1}</UniqueIdentifier>
    </Filter>
    <Filter Include="소스 파일\01. RockmanEXE\02. Obj\01. Character\02. NetBattle\02. Virus\01. Mettaur">
      <UniqueIdentifier>{d5e509a0-dad7-44fa-a5fe-f4bc9bddfa1a}</UniqueIdentifier>
    </Filter>
    <Filter Include="소스 파일\01. RockmanEXE\02. Obj\01. Character\02. NetBattle\01. Navi\00. Rockman\Spell">
      <UniqueIdentifier>{c7273b70-f08b-496e-a2b6-e5ffed1e9c58}</UniqueIdentifier>
    </Filter>
    <Filter Include="소스 파일\01. RockmanEXE\02. Obj\01. Character\02. NetBattle\01. Navi\00. Rockman\Spell\02. ChargeBuster">
      <UniqueIdentifier>{90b5228f-ea82-4067-9e1d-c9c2f988b446}</UniqueIdentifier>
    </Filter>
    <Filter Include="소스 파일\01. RockmanEXE\02. Obj\01. Character\02. NetBattle\01. Navi\00. Rockman\Spell\01. Buster">
      <UniqueIdentifier>{17b95f52-ace4-4c94-a7f6-a23dddcd24db}</UniqueIdentifier>
    </Filter>
    <Filter Include="소스 파일\01. RockmanEXE\02. Obj\01. Character\02. NetBattle\01. Navi\Spell">
      <UniqueIdentifier>{e7cd9a9e-9682-4eae-8bf9-3a091d988549}</UniqueIdentifier>
    </Filter>
    <Filter Include="소스 파일\01. RockmanEXE\02. Obj\01. Character\02. NetBattle\01. Navi\Spell\01. Cannon">
      <UniqueIdentifier>{4a30f4e1-adb1-473b-bcd0-b57699457a0c}</UniqueIdentifier>
    </Filter>
    <Filter Include="소스 파일\01. RockmanEXE\02. Obj\01. Character\02. NetBattle\02. Virus\01. Mettaur\Spell">
      <UniqueIdentifier>{73ceb80a-6bb3-4af7-a26e-21106dc82f2f}</UniqueIdentifier>
    </Filter>
    <Filter Include="소스 파일\01. RockmanEXE\03. Scene\02. Overworld">
      <UniqueIdentifier>{11d9c1dd-a512-4492-a5f8-834ad99f76d1}</UniqueIdentifier>
    </Filter>
    <Filter Include="소스 파일\01. RockmanEXE\03. Scene\02. Overworld\01. Central_Area">
      <UniqueIdentifier>{d58283ef-3082-4831-b8a2-781cfce68d81}</UniqueIdentifier>
    </Filter>
    <Filter Include="소스 파일\01. RockmanEXE\02. Obj\01. Character\01. Overworld\01. Player">
      <UniqueIdentifier>{00500f63-fd91-4cb6-b21a-e4bde3c0bb4d}</UniqueIdentifier>
    </Filter>
    <Filter Include="소스 파일\01. RockmanEXE\01. Manager\01. BattleMng\UI">
      <UniqueIdentifier>{858f9296-f113-4e8e-842b-c123498a5196}</UniqueIdentifier>
    </Filter>
    <Filter Include="소스 파일\01. RockmanEXE\03. Scene\00. Title">
      <UniqueIdentifier>{fb404111-a2dd-4a70-b0dc-c43c9d5052ba}</UniqueIdentifier>
    </Filter>
    <Filter Include="소스 파일\01. RockmanEXE\01. Manager\04. Tile">
      <UniqueIdentifier>{9dff452c-183a-4c9e-b568-0fc4b171a22e}</UniqueIdentifier>
    </Filter>
    <Filter Include="소스 파일\01. RockmanEXE\03. Scene\03. Edit">
      <UniqueIdentifier>{b9cb8ad9-cb85-4bc5-aa12-ef4ebc1cc3a3}</UniqueIdentifier>
    </Filter>
    <Filter Include="소스 파일\01. RockmanEXE\03. Scene\02. Overworld\01. Central_Area\Central2">
      <UniqueIdentifier>{94f8fcf9-f161-4cc8-b1c0-41fd744e4ee5}</UniqueIdentifier>
    </Filter>
    <Filter Include="소스 파일\01. RockmanEXE\01. Manager\05. Player">
      <UniqueIdentifier>{66c5aaf1-9f27-4f49-9ee6-7dee724f8b9f}</UniqueIdentifier>
    </Filter>
    <Filter Include="소스 파일\01. RockmanEXE\02. Obj\03. UI">
      <UniqueIdentifier>{f7f4cea0-60dd-4503-a521-9341c562ad42}</UniqueIdentifier>
    </Filter>
    <Filter Include="소스 파일\01. RockmanEXE\01. Manager\03. DataTable\02. EnemyDataTable">
      <UniqueIdentifier>{9b8e2f59-5c71-4aec-be79-c7e6c118b6d4}</UniqueIdentifier>
    </Filter>
    <Filter Include="소스 파일\01. RockmanEXE\01. Manager\03. DataTable\03. ItemDataTable">
      <UniqueIdentifier>{e12b5bc3-e915-4b4a-9032-8502c8da9a89}</UniqueIdentifier>
    </Filter>
    <Filter Include="소스 파일\01. RockmanEXE\01. Manager\03. DataTable\04. ObjectDataTable">
      <UniqueIdentifier>{5785eed3-5625-43e4-b33b-9d30202219ca}</UniqueIdentifier>
    </Filter>
    <Filter Include="소스 파일\01. RockmanEXE\01. Manager\03. DataTable\05. EncountDataTable">
      <UniqueIdentifier>{b4551f05-7ff4-4858-a47d-9e47acf91c94}</UniqueIdentifier>
    </Filter>
    <Filter Include="소스 파일\01. RockmanEXE\02. Obj\01. Character\02. NetBattle\02. Virus\02. Gunner">
      <UniqueIdentifier>{0a8cec5b-c800-4508-81e5-8e78d75ee611}</UniqueIdentifier>
    </Filter>
    <Filter Include="소스 파일\01. RockmanEXE\02. Obj\01. Character\01. Overworld\02. Seller">
      <UniqueIdentifier>{aedd101f-ff34-48a1-98cf-70a162143965}</UniqueIdentifier>
    </Filter>
    <Filter Include="소스 파일\01. RockmanEXE\02. Obj\01. Character\01. Overworld\03. Object">
      <UniqueIdentifier>{efcd89a2-2ce4-4712-8a53-8c276699f33a}</UniqueIdentifier>
    </Filter>
    <Filter Include="소스 파일\01. RockmanEXE\02. Obj\01. Character\01. Overworld\03. Object\01. SteelCube">
      <UniqueIdentifier>{730f0322-fa17-406e-b99d-2c7539d81f6a}</UniqueIdentifier>
    </Filter>
  </ItemGroup>
  <ItemGroup>
    <ClInclude Include="framework.h">
      <Filter>헤더 파일</Filter>
    </ClInclude>
    <ClInclude Include="targetver.h">
      <Filter>헤더 파일</Filter>
    </ClInclude>
    <ClInclude Include="Resource.h">
      <Filter>헤더 파일</Filter>
    </ClInclude>
    <ClInclude Include="Main.h">
      <Filter>헤더 파일</Filter>
    </ClInclude>
    <ClInclude Include="Define.h">
      <Filter>헤더 파일</Filter>
    </ClInclude>
    <ClInclude Include="Core\Obj.h">
      <Filter>소스 파일\00. Core\02. Obj</Filter>
    </ClInclude>
    <ClInclude Include="Core\ObjMgr.h">
      <Filter>소스 파일\00. Core\01. Manager\01. ObjMgr</Filter>
    </ClInclude>
    <ClInclude Include="Core\MainGame.h">
      <Filter>소스 파일\00. Core\00. MainGame</Filter>
    </ClInclude>
    <ClInclude Include="RockmanEXE\Character\Character_QuaterView.h">
      <Filter>소스 파일\01. RockmanEXE\02. Obj\01. Character\01. Overworld</Filter>
    </ClInclude>
    <ClInclude Include="RockmanEXE\Character\Character_NetBattle.h">
      <Filter>소스 파일\01. RockmanEXE\02. Obj\01. Character\02. NetBattle</Filter>
    </ClInclude>
    <ClInclude Include="RockmanX\Character\Character_SideView.h">
      <Filter>소스 파일\02. RockmanX\02. Obj\01. Character</Filter>
    </ClInclude>
    <ClInclude Include="Core\BmpMgr.h">
      <Filter>소스 파일\00. Core\01. Manager\06. BmpMgr</Filter>
    </ClInclude>
    <ClInclude Include="Core\BitMap.h">
      <Filter>소스 파일\00. Core\01. Manager\06. BmpMgr\BitMap</Filter>
    </ClInclude>
    <ClInclude Include="Core\CollisionMgr.h">
      <Filter>소스 파일\00. Core\01. Manager\03. CollisionMgr</Filter>
    </ClInclude>
    <ClInclude Include="Core\KeyMgr.h">
      <Filter>소스 파일\00. Core\01. Manager\02. KeyMgr</Filter>
    </ClInclude>
    <ClInclude Include="Core\SceneMgr.h">
      <Filter>소스 파일\00. Core\01. Manager\05. SceneMgr</Filter>
    </ClInclude>
    <ClInclude Include="Core\ScrollMgr.h">
      <Filter>소스 파일\00. Core\01. Manager\04. ScrollMgr</Filter>
    </ClInclude>
    <ClInclude Include="Core\Character.h">
      <Filter>소스 파일\00. Core\02. Obj\01. Character</Filter>
    </ClInclude>
    <ClInclude Include="Core\Mouse.h">
      <Filter>소스 파일\00. Core\02. Obj\02. Mouse</Filter>
    </ClInclude>
    <ClInclude Include="Core\AbstractFactory.h">
      <Filter>소스 파일\00. Core\03. Design\AbstractFactory</Filter>
    </ClInclude>
    <ClInclude Include="Core\Vector3.h">
      <Filter>소스 파일\00. Core\04. Math\01. Vector</Filter>
    </ClInclude>
    <ClInclude Include="Core\Vector2.h">
      <Filter>소스 파일\00. Core\04. Math\01. Vector</Filter>
    </ClInclude>
    <ClInclude Include="Core\CustomMath.h">
      <Filter>소스 파일\00. Core\04. Math\00. CustomMath</Filter>
    </ClInclude>
    <ClInclude Include="RockmanEXE\Manager\BattleMng.h">
      <Filter>소스 파일\01. RockmanEXE\01. Manager\01. BattleMng</Filter>
    </ClInclude>
    <ClInclude Include="Core\Scene.h">
      <Filter>소스 파일\00. Core\01. Manager\05. SceneMgr\Scene</Filter>
    </ClInclude>
    <ClInclude Include="RockmanEXE\Navi\Navi.h">
      <Filter>소스 파일\01. RockmanEXE\02. Obj\01. Character\02. NetBattle\01. Navi</Filter>
    </ClInclude>
    <ClInclude Include="Core\ITeamAgent.h">
      <Filter>소스 파일\00. Core\05. Interface\01. TeamAgent</Filter>
    </ClInclude>
    <ClInclude Include="RockmanEXE\Data\ChipData.h">
      <Filter>소스 파일\01. RockmanEXE\04. Data\Chip</Filter>
    </ClInclude>
    <ClInclude Include="RockmanEXE\Manager\AttributeMng.h">
      <Filter>소스 파일\01. RockmanEXE\01. Manager\02. DamageMng</Filter>
    </ClInclude>
    <ClInclude Include="RockmanEXE\Manager\DamageMng.h">
      <Filter>소스 파일\01. RockmanEXE\01. Manager\02. DamageMng</Filter>
    </ClInclude>
    <ClInclude Include="RockmanEXE\Manager\ChipDataTable.h">
      <Filter>소스 파일\01. RockmanEXE\01. Manager\03. DataTable\01. ChipDataTable</Filter>
    </ClInclude>
    <ClInclude Include="RockmanEXE\GameProc_RockmanEXE.h">
      <Filter>소스 파일\01. RockmanEXE\00. MainGame</Filter>
    </ClInclude>
    <ClInclude Include="RockmanEXE\Scene\Scene_NetBattle.h">
      <Filter>소스 파일\01. RockmanEXE\03. Scene\01. NetBattle</Filter>
    </ClInclude>
    <ClInclude Include="RockmanEXE\Navi\Navi_Rockman.h">
      <Filter>소스 파일\01. RockmanEXE\02. Obj\01. Character\02. NetBattle\01. Navi\00. Rockman</Filter>
    </ClInclude>
    <ClInclude Include="Core\GameProcess.h">
      <Filter>소스 파일\00. Core\00. MainGame\Process</Filter>
    </ClInclude>
    <ClInclude Include="RockmanEXE\Virus\Virus.h">
      <Filter>소스 파일\01. RockmanEXE\02. Obj\01. Character\02. NetBattle\02. Virus</Filter>
    </ClInclude>
    <ClInclude Include="RockmanEXE\Battle\BattleUnit_Factory.h">
      <Filter>소스 파일\01. RockmanEXE\02. Obj\01. Character\00. Design</Filter>
    </ClInclude>
    <ClInclude Include="RockmanEXE\Battle\Panel.h">
      <Filter>소스 파일\01. RockmanEXE\01. Manager\01. BattleMng\Panel</Filter>
    </ClInclude>
    <ClInclude Include="Core\SoundMgr.h">
      <Filter>소스 파일\00. Core\01. Manager\07. SndMgr</Filter>
    </ClInclude>
    <ClInclude Include="RockmanEXE\Manager\AnimationTable.h">
      <Filter>소스 파일\01. RockmanEXE\01. Manager\03. DataTable</Filter>
    </ClInclude>
    <ClInclude Include="VecBox.h">
      <Filter>소스 파일\00. Core\04. Math\02. Box</Filter>
    </ClInclude>
    <ClInclude Include="Core\VecLine3.h">
      <Filter>소스 파일\00. Core\04. Math\03. Line</Filter>
    </ClInclude>
    <ClInclude Include="Core\VecShpere.h">
      <Filter>소스 파일\00. Core\04. Math\04. Sphere</Filter>
    </ClInclude>
    <ClInclude Include="Core\VecCollisionMgr.h">
      <Filter>소스 파일\00. Core\01. Manager\03. CollisionMgr</Filter>
    </ClInclude>
    <ClInclude Include="RockmanEXE\Virus\Virus_Mettaur.h">
      <Filter>소스 파일\01. RockmanEXE\02. Obj\01. Character\02. NetBattle\02. Virus\01. Mettaur</Filter>
    </ClInclude>
    <ClInclude Include="RockmanEXE\Spell\Spell.h">
      <Filter>소스 파일\01. RockmanEXE\02. Obj\02. Spell</Filter>
    </ClInclude>
    <ClInclude Include="RockmanEXE\Spell\Spell_Buster.h">
      <Filter>소스 파일\01. RockmanEXE\02. Obj\01. Character\02. NetBattle\01. Navi\00. Rockman\Spell\01. Buster</Filter>
    </ClInclude>
    <ClInclude Include="RockmanEXE\Battle\BattleSpell_Factory.h">
      <Filter>소스 파일\01. RockmanEXE\02. Obj\01. Character\00. Design</Filter>
    </ClInclude>
    <ClInclude Include="RockmanEXE\Spell\Spell_Shockwave.h">
      <Filter>소스 파일\01. RockmanEXE\02. Obj\01. Character\02. NetBattle\02. Virus\01. Mettaur\Spell</Filter>
    </ClInclude>
    <ClInclude Include="RockmanEXE\Spell\Spell_Cannon.h">
      <Filter>소스 파일\01. RockmanEXE\02. Obj\01. Character\02. NetBattle\01. Navi\Spell\01. Cannon</Filter>
    </ClInclude>
    <ClInclude Include="RockmanEXE\Scene\Scene_Central_Area.h">
      <Filter>소스 파일\01. RockmanEXE\03. Scene\02. Overworld\01. Central_Area</Filter>
    </ClInclude>
    <ClInclude Include="RockmanEXE\Player\Player_QuaterView.h">
      <Filter>소스 파일\01. RockmanEXE\02. Obj\01. Character\01. Overworld\01. Player</Filter>
    </ClInclude>
    <ClInclude Include="RockmanEXE\Battle\BattleUI.h">
      <Filter>소스 파일\01. RockmanEXE\01. Manager\01. BattleMng\UI</Filter>
    </ClInclude>
    <ClInclude Include="RockmanEXE\Scene\Scene_TitleScreen.h">
      <Filter>소스 파일\01. RockmanEXE\03. Scene\00. Title</Filter>
    </ClInclude>
    <ClInclude Include="RockmanEXE\Overworld\QuaterViewUnit_Factory.h">
      <Filter>소스 파일\01. RockmanEXE\02. Obj\01. Character\00. Design</Filter>
    </ClInclude>
    <ClInclude Include="RockmanEXE\Overworld\Tile.h">
      <Filter>소스 파일\01. RockmanEXE\01. Manager\04. Tile</Filter>
    </ClInclude>
    <ClInclude Include="RockmanEXE\Overworld\TileMgr.h">
      <Filter>소스 파일\01. RockmanEXE\01. Manager\04. Tile</Filter>
    </ClInclude>
    <ClInclude Include="RockmanEXE\Scene\Scene_Edit.h">
      <Filter>소스 파일\01. RockmanEXE\03. Scene\03. Edit</Filter>
    </ClInclude>
    <ClInclude Include="RockmanEXE\Virus\Virus_Gunner.h">
      <Filter>소스 파일\01. RockmanEXE\02. Obj\01. Character\02. NetBattle\02. Virus\02. Gunner</Filter>
    </ClInclude>
    <ClInclude Include="RockmanEXE\Data\EncountDataTable.h">
      <Filter>소스 파일\01. RockmanEXE\01. Manager\03. DataTable\05. EncountDataTable</Filter>
    </ClInclude>
    <ClInclude Include="RockmanEXE\Data\EnemyDataTable.h">
      <Filter>소스 파일\01. RockmanEXE\01. Manager\03. DataTable\02. EnemyDataTable</Filter>
    </ClInclude>
    <ClInclude Include="RockmanEXE\Data\ItemDataTable.h">
      <Filter>소스 파일\01. RockmanEXE\01. Manager\03. DataTable\03. ItemDataTable</Filter>
    </ClInclude>
    <ClInclude Include="RockmanEXE\Scene\Scene_Net_Area.h">
      <Filter>소스 파일\01. RockmanEXE\03. Scene\02. Overworld</Filter>
    </ClInclude>
    <ClInclude Include="RockmanEXE\Overworld\Seller_QuaterView.h">
      <Filter>소스 파일\01. RockmanEXE\02. Obj\01. Character\01. Overworld\02. Seller</Filter>
    </ClInclude>
    <ClInclude Include="RockmanEXE\Player\PlayerData.h">
      <Filter>소스 파일\01. RockmanEXE\01. Manager\05. Player</Filter>
    </ClInclude>
    <ClInclude Include="RockmanEXE\Overworld\Overworld_MenuUI.h">
      <Filter>소스 파일\01. RockmanEXE\02. Obj\03. UI</Filter>
    </ClInclude>
    <ClInclude Include="RockmanEXE\Overworld\SteelCube_QuaterView.h">
      <Filter>소스 파일\01. RockmanEXE\02. Obj\01. Character\01. Overworld\03. Object\01. SteelCube</Filter>
    </ClInclude>
    <ClInclude Include="RockmanEXE\Overworld\TextBox.h">
      <Filter>소스 파일\01. RockmanEXE\02. Obj\03. UI</Filter>
    </ClInclude>
  </ItemGroup>
  <ItemGroup>
    <ClCompile Include="Core\Obj.cpp">
      <Filter>소스 파일\00. Core\02. Obj</Filter>
    </ClCompile>
    <ClCompile Include="Core\ObjMgr.cpp">
      <Filter>소스 파일\00. Core\01. Manager\01. ObjMgr</Filter>
    </ClCompile>
    <ClCompile Include="Core\MainGame.cpp">
      <Filter>소스 파일\00. Core\00. MainGame</Filter>
    </ClCompile>
    <ClCompile Include="RockmanEXE\Character\Character_QuaterView.cpp">
      <Filter>소스 파일\01. RockmanEXE\02. Obj\01. Character\01. Overworld</Filter>
    </ClCompile>
    <ClCompile Include="RockmanEXE\Character\Character_NetBattle.cpp">
      <Filter>소스 파일\01. RockmanEXE\02. Obj\01. Character\02. NetBattle</Filter>
    </ClCompile>
    <ClCompile Include="Main.cpp">
      <Filter>소스 파일</Filter>
    </ClCompile>
    <ClCompile Include="RockmanX\Character\Character_SideView.cpp">
      <Filter>소스 파일\02. RockmanX\02. Obj\01. Character</Filter>
    </ClCompile>
    <ClCompile Include="Core\BmpMgr.cpp">
      <Filter>소스 파일\00. Core\01. Manager\06. BmpMgr</Filter>
    </ClCompile>
    <ClCompile Include="Core\BitMap.cpp">
      <Filter>소스 파일\00. Core\01. Manager\06. BmpMgr\BitMap</Filter>
    </ClCompile>
    <ClCompile Include="Core\CollisionMgr.cpp">
      <Filter>소스 파일\00. Core\01. Manager\03. CollisionMgr</Filter>
    </ClCompile>
    <ClCompile Include="Core\KeyMgr.cpp">
      <Filter>소스 파일\00. Core\01. Manager\02. KeyMgr</Filter>
    </ClCompile>
    <ClCompile Include="Core\SceneMgr.cpp">
      <Filter>소스 파일\00. Core\01. Manager\05. SceneMgr</Filter>
    </ClCompile>
    <ClCompile Include="Core\ScrollMgr.cpp">
      <Filter>소스 파일\00. Core\01. Manager\04. ScrollMgr</Filter>
    </ClCompile>
    <ClCompile Include="Core\Character.cpp">
      <Filter>소스 파일\00. Core\02. Obj\01. Character</Filter>
    </ClCompile>
    <ClCompile Include="Core\Mouse.cpp">
      <Filter>소스 파일\00. Core\02. Obj\02. Mouse</Filter>
    </ClCompile>
    <ClCompile Include="RockmanEXE\Manager\BattleMng.cpp">
      <Filter>소스 파일\01. RockmanEXE\01. Manager\01. BattleMng</Filter>
    </ClCompile>
    <ClCompile Include="Core\Scene.cpp">
      <Filter>소스 파일\00. Core\01. Manager\05. SceneMgr\Scene</Filter>
    </ClCompile>
    <ClCompile Include="RockmanEXE\Navi\Navi.cpp">
      <Filter>소스 파일\01. RockmanEXE\02. Obj\01. Character\02. NetBattle\01. Navi</Filter>
    </ClCompile>
    <ClCompile Include="RockmanEXE\Manager\AttributeMng.cpp">
      <Filter>소스 파일\01. RockmanEXE\01. Manager\02. DamageMng</Filter>
    </ClCompile>
    <ClCompile Include="RockmanEXE\Manager\ChipDataTable.cpp">
      <Filter>소스 파일\01. RockmanEXE\01. Manager\03. DataTable\01. ChipDataTable</Filter>
    </ClCompile>
    <ClCompile Include="RockmanEXE\GameProc_RockmanEXE.cpp">
      <Filter>소스 파일\01. RockmanEXE\00. MainGame</Filter>
    </ClCompile>
    <ClCompile Include="RockmanEXE\Scene\Scene_NetBattle.cpp">
      <Filter>소스 파일\01. RockmanEXE\03. Scene\01. NetBattle</Filter>
    </ClCompile>
    <ClCompile Include="RockmanEXE\Navi\Navi_Rockman.cpp">
      <Filter>소스 파일\01. RockmanEXE\02. Obj\01. Character\02. NetBattle\01. Navi\00. Rockman</Filter>
    </ClCompile>
    <ClCompile Include="Core\GameProcess.cpp">
      <Filter>소스 파일\00. Core\00. MainGame\Process</Filter>
    </ClCompile>
    <ClCompile Include="RockmanEXE\Virus\Virus.cpp">
      <Filter>소스 파일\01. RockmanEXE\02. Obj\01. Character\02. NetBattle\02. Virus</Filter>
    </ClCompile>
    <ClCompile Include="RockmanEXE\Battle\Panel.cpp">
      <Filter>소스 파일\01. RockmanEXE\01. Manager\01. BattleMng\Panel</Filter>
    </ClCompile>
    <ClCompile Include="Core\SoundMgr.cpp">
      <Filter>소스 파일\00. Core\01. Manager\07. SndMgr</Filter>
    </ClCompile>
    <ClCompile Include="Core\ITeamAgent.cpp">
      <Filter>소스 파일\00. Core\05. Interface\01. TeamAgent</Filter>
    </ClCompile>
    <ClCompile Include="Core\VecCollisionMgr.cpp">
      <Filter>소스 파일\00. Core\01. Manager\03. CollisionMgr</Filter>
    </ClCompile>
    <ClCompile Include="RockmanEXE\Virus\Virus_Mettaur.cpp">
      <Filter>소스 파일\01. RockmanEXE\02. Obj\01. Character\02. NetBattle\02. Virus\01. Mettaur</Filter>
    </ClCompile>
    <ClCompile Include="RockmanEXE\Spell\Spell.cpp">
      <Filter>소스 파일\01. RockmanEXE\02. Obj\02. Spell</Filter>
    </ClCompile>
    <ClCompile Include="RockmanEXE\Spell\Spell_Buster.cpp">
      <Filter>소스 파일\01. RockmanEXE\02. Obj\01. Character\02. NetBattle\01. Navi\00. Rockman\Spell\01. Buster</Filter>
    </ClCompile>
    <ClCompile Include="RockmanEXE\Spell\Spell_Shockwave.cpp">
      <Filter>소스 파일\01. RockmanEXE\02. Obj\01. Character\02. NetBattle\02. Virus\01. Mettaur\Spell</Filter>
    </ClCompile>
    <ClCompile Include="RockmanEXE\Spell\Spell_Cannon.cpp">
      <Filter>소스 파일\01. RockmanEXE\02. Obj\01. Character\02. NetBattle\01. Navi\Spell\01. Cannon</Filter>
    </ClCompile>
    <ClCompile Include="RockmanEXE\Scene\Scene_Central_Area.cpp">
      <Filter>소스 파일\01. RockmanEXE\03. Scene\02. Overworld\01. Central_Area</Filter>
    </ClCompile>
    <ClCompile Include="RockmanEXE\Player\Player_QuaterView.cpp">
      <Filter>소스 파일\01. RockmanEXE\02. Obj\01. Character\01. Overworld\01. Player</Filter>
    </ClCompile>
    <ClCompile Include="RockmanEXE\Battle\BattleUI.cpp">
      <Filter>소스 파일\01. RockmanEXE\01. Manager\01. BattleMng\UI</Filter>
    </ClCompile>
    <ClCompile Include="RockmanEXE\Manager\AnimationTable.cpp">
      <Filter>소스 파일\01. RockmanEXE\01. Manager\03. DataTable</Filter>
    </ClCompile>
    <ClCompile Include="RockmanEXE\Scene\Scene_TitleScreen.cpp">
      <Filter>소스 파일\01. RockmanEXE\03. Scene\00. Title</Filter>
    </ClCompile>
    <ClCompile Include="RockmanEXE\Overworld\Tile.cpp">
      <Filter>소스 파일\01. RockmanEXE\01. Manager\04. Tile</Filter>
    </ClCompile>
    <ClCompile Include="RockmanEXE\Overworld\TileMgr.cpp">
      <Filter>소스 파일\01. RockmanEXE\01. Manager\04. Tile</Filter>
    </ClCompile>
    <ClCompile Include="RockmanEXE\Scene\Scene_Edit.cpp">
      <Filter>소스 파일\01. RockmanEXE\03. Scene\03. Edit</Filter>
    </ClCompile>
    <ClCompile Include="RockmanEXE\Virus\Virus_Gunner.cpp">
      <Filter>소스 파일\01. RockmanEXE\02. Obj\01. Character\02. NetBattle\02. Virus\02. Gunner</Filter>
    </ClCompile>
    <ClCompile Include="EncountDataTable.cpp">
      <Filter>소스 파일\01. RockmanEXE\01. Manager\03. DataTable\05. EncountDataTable</Filter>
    </ClCompile>
    <ClCompile Include="RockmanEXE\Data\EnemyDataTable.cpp">
      <Filter>소스 파일\01. RockmanEXE\01. Manager\03. DataTable\02. EnemyDataTable</Filter>
    </ClCompile>
    <ClCompile Include="RockmanEXE\Data\ItemDataTable.cpp">
      <Filter>소스 파일\01. RockmanEXE\01. Manager\03. DataTable\03. ItemDataTable</Filter>
    </ClCompile>
    <ClCompile Include="RockmanEXE\Scene\Scene_Net_Area.cpp">
      <Filter>소스 파일\01. RockmanEXE\03. Scene\02. Overworld</Filter>
    </ClCompile>
    <ClCompile Include="RockmanEXE\Overworld\Seller_QuaterView.cpp">
      <Filter>소스 파일\01. RockmanEXE\02. Obj\01. Character\01. Overworld\02. Seller</Filter>
    </ClCompile>
    <ClCompile Include="RockmanEXE\Player\PlayerData.cpp">
      <Filter>소스 파일\01. RockmanEXE\01. Manager\05. Player</Filter>
    </ClCompile>
    <ClCompile Include="RockmanEXE\Overworld\Overworld_MenuUI.cpp">
      <Filter>소스 파일\01. RockmanEXE\02. Obj\03. UI</Filter>
    </ClCompile>
    <ClCompile Include="RockmanEXE\Overworld\SteelCube_QuaterView.cpp">
      <Filter>소스 파일\01. RockmanEXE\02. Obj\01. Character\01. Overworld\03. Object\01. SteelCube</Filter>
    </ClCompile>
    <ClCompile Include="RockmanEXE\Overworld\TextBox.cpp">
      <Filter>소스 파일\01. RockmanEXE\02. Obj\03. UI</Filter>
    </ClCompile>
  </ItemGroup>
  <ItemGroup>
    <ResourceCompile Include="RockmanEXE.rc">
      <Filter>리소스 파일</Filter>
    </ResourceCompile>
  </ItemGroup>
  <ItemGroup>
    <Image Include="small.ico">
      <Filter>리소스 파일</Filter>
    </Image>
    <Image Include="RockmanEXE.ico">
      <Filter>리소스 파일</Filter>
    </Image>
  </ItemGroup>
</Project>